PODS:
  - DZNEmptyDataSet (1.8.1)
  - MKRingProgressView (2.2)
  - QuickLayout (2.1.1)
  - SavannaKit (0.9.0)
  - SDWebImage (4.4.2):
    - SDWebImage/Core (= 4.4.2)
  - SDWebImage/Core (4.4.2)
  - SourceEditor (1.0.1):
    - SavannaKit (~> 0.9)
  - SwiftEntryKit (0.8.4):
    - QuickLayout (= 2.1.1)

DEPENDENCIES:
  - DZNEmptyDataSet (~> 1.8)
  - MKRingProgressView (~> 2.0)
  - SDWebImage (~> 4.0)
  - SourceEditor (from `https://github.com/louisdh/source-editor.git`, branch `master`)
  - SwiftEntryKit (= 0.8.4)

SPEC REPOS:
  https://github.com/cocoapods/specs.git:
    - DZNEmptyDataSet
    - MKRingProgressView
    - QuickLayout
    - SavannaKit
    - SDWebImage
    - SwiftEntryKit

EXTERNAL SOURCES:
  SourceEditor:
    :branch: master
    :git: https://github.com/louisdh/source-editor.git

CHECKOUT OPTIONS:
  SourceEditor:
    :commit: fd7d83470c8830c78b722b515192d50a8c39759e
    :git: https://github.com/louisdh/source-editor.git

SPEC CHECKSUMS:
  DZNEmptyDataSet: 9525833b9e68ac21c30253e1d3d7076cc828eaa7
  MKRingProgressView: 6a8eb219f65d1f7ac27ad1986a4f42160b2f7640
  QuickLayout: 9af2b7fd89a6552828f51a5aba28d1bcdb8b340c
  SavannaKit: 920c240bde011900df8156200a960dad3ee5edfd
  SDWebImage: 624d6e296c69b244bcede364c72ae0430ac14681
  SourceEditor: 4d590385d642c812d08a91941a4bfc90eccf20af
  SwiftEntryKit: f0dd54bb0fb9f234738cd15a32365265cb975be8

PODFILE CHECKSUM: 58dfa3156b1ec7afb55cafc0c8dc414091a10dcf

COCOAPODS: 1.5.3
