PODS:
  - DZNEmptyDataSet (1.8.1)
  - MKRingProgressView (2.0.1)
  - QuickLayout (2.0.2)
  - SavannaKit (0.9.0)
  - SDWebImage (4.4.1):
    - SDWebImage/Core (= 4.4.1)
  - SDWebImage/Core (4.4.1)
  - SourceEditor (1.0.1):
    - SavannaKit (~> 0.9)
  - SwiftEntryKit (0.5.5):
    - QuickLayout (= 2.0.2)

DEPENDENCIES:
  - DZNEmptyDataSet (~> 1.8)
  - MKRingProgressView (~> 2.0)
  - SDWebImage (~> 4.0)
  - SourceEditor (~> 1.0)
  - SwiftEntryKit (= 0.5.5)

SPEC REPOS:
  https://github.com/cocoapods/specs.git:
    - DZNEmptyDataSet
    - MKRingProgressView
    - QuickLayout
    - SavannaKit
    - SDWebImage
    - SourceEditor
    - SwiftEntryKit

SPEC CHECKSUMS:
  DZNEmptyDataSet: 9525833b9e68ac21c30253e1d3d7076cc828eaa7
  MKRingProgressView: a2adeddfff0ea03f0fb7f8b108f3f77176db3bb5
  QuickLayout: a730730b646b231fd4ef7cffaeb1e81fe0e1ca92
  SavannaKit: 920c240bde011900df8156200a960dad3ee5edfd
  SDWebImage: 47e9b5b925cbce75946c23f0c42dd19464189af4
  SourceEditor: 4d590385d642c812d08a91941a4bfc90eccf20af
  SwiftEntryKit: 9be06d5a6138acb874223d84de2f42286c0c8d12

PODFILE CHECKSUM: 5921ad25b868eaf9ec164ac868ea5fe665d0b40a

COCOAPODS: 1.5.3
