PODS:
  - DZNEmptyDataSet (1.8.1)
  - MKRingProgressView (2.2.2)
  - QuickLayout (3.0.0)
  - SDWebImage (5.0.2):
    - SDWebImage/Core (= 5.0.2)
  - SDWebImage/Core (5.0.2)
  - Sourceful (0.2.0)
  - SwiftEntryKit (1.0.1):
    - QuickLayout (= 3.0.0)
  - SwiftLint (0.32.0)
  - Zephyr (3.4.0)

DEPENDENCIES:
  - DZNEmptyDataSet (~> 1.8)
  - MKRingProgressView (~> 2.2.2)
  - SDWebImage (~> 5.0)
  - Sourceful (from `https://github.com/twostraws/Sourceful.git`, branch `master`)
  - SwiftEntryKit (~> 1.0)
  - SwiftLint (= 0.32.0)
  - Zephyr (= 3.4.0)

SPEC REPOS:
  https://github.com/cocoapods/specs.git:
    - DZNEmptyDataSet
    - MKRingProgressView
    - QuickLayout
    - SDWebImage
    - SwiftEntryKit
    - SwiftLint
    - Zephyr

EXTERNAL SOURCES:
  Sourceful:
    :branch: master
    :git: https://github.com/twostraws/Sourceful.git

CHECKOUT OPTIONS:
  Sourceful:
    :commit: d4cb8a48042829bad9b75cb84a99fe683e8ab936
    :git: https://github.com/twostraws/Sourceful.git

SPEC CHECKSUMS:
  DZNEmptyDataSet: 9525833b9e68ac21c30253e1d3d7076cc828eaa7
  MKRingProgressView: b558eff66a648bd77b11f61cfc5603ae96008077
  QuickLayout: 07b45a72b10083fee3f095990cfed1c1e7b27f0a
  SDWebImage: 6764b5fa0f73c203728052955dbefa2bf1f33282
  Sourceful: 7be20b8682d4919a1be65369385e1e52f5be38bd
  SwiftEntryKit: 3f55c0b8e676afe24a3703237bcac68372891c56
  SwiftLint: 009a898ef2a1c851f45e1b59349bf6ff2ddc990d
  Zephyr: 981f34b10e37f60f00f1ec74fb8420aaadccd774

PODFILE CHECKSUM: e060a93163943fc15947d7f745bb1075248730a0

COCOAPODS: 1.6.1
